
Microsoft Visual Studio Solution File, Format Version 9.00
# Visual C++ Express 2005
Project("{8BC9CEB8-8B4A-11D0-8D11-00A0C91BC942}") = "foo_9_xsf", "foo_9_xsf.vcproj", "{A53BD2AF-2066-4D47-8B23-E36DA730F7F7}"
EndProject
Global
	GlobalSection(SolutionConfigurationPlatforms) = preSolution
		Debug|Win32 = Debug|Win32
		Release|Win32 = Release|Win32
	EndGlobalSection
	GlobalSection(ProjectConfigurationPlatforms) = postSolution
		{A53BD2AF-2066-4D47-8B23-E36DA730F7F7}.Debug|Win32.ActiveCfg = Debug|Win32
		{A53BD2AF-2066-4D47-8B23-E36DA730F7F7}.Debug|Win32.Build.0 = Debug|Win32
		{A53BD2AF-2066-4D47-8B23-E36DA730F7F7}.Release|Win32.ActiveCfg = Release|Win32
		{A53BD2AF-2066-4D47-8B23-E36DA730F7F7}.Release|Win32.Build.0 = Release|Win32
	EndGlobalSection
	GlobalSection(SolutionProperties) = preSolution
		HideSolutionNode = FALSE
	EndGlobalSection
EndGlobal
